
Microsoft Visual Studio Solution File, Format Version 12.00
# Visual Studio Version 17
VisualStudioVersion = 17.10.35004.147
MinimumVisualStudioVersion = 10.0.40219.1
Project("{FAE04EC0-301F-11D3-BF4B-00C04F79EFBC}") = "CapaPresentacion", "Ventas_Hardware\CapaPresentacion.csproj", "{21D8AF22-1012-47B2-ADA6-BB2325038C81}"
EndProject
Project("{FAE04EC0-301F-11D3-BF4B-00C04F79EFBC}") = "CapaNegocio", "CapaNegocio\CapaNegocio.csproj", "{887C24ED-FDCB-4B09-95B5-744FD56005A8}"
EndProject
Project("{FAE04EC0-301F-11D3-BF4B-00C04F79EFBC}") = "CapaDatos", "CapaDatos\CapaDatos.csproj", "{3023EA73-C9CC-4C1F-B848-2571E0AE5EE3}"
EndProject
Project("{FAE04EC0-301F-11D3-BF4B-00C04F79EFBC}") = "CapaEntidad", "CapaEntidad\CapaEntidad.csproj", "{91FF33F3-64ED-479B-9C79-7DDD8CD719E0}"
EndProject
Global
	GlobalSection(SolutionConfigurationPlatforms) = preSolution
		Debug|Any CPU = Debug|Any CPU
		Release|Any CPU = Release|Any CPU
	EndGlobalSection
	GlobalSection(ProjectConfigurationPlatforms) = postSolution
		{21D8AF22-1012-47B2-ADA6-BB2325038C81}.Debug|Any CPU.ActiveCfg = Debug|Any CPU
		{21D8AF22-1012-47B2-ADA6-BB2325038C81}.Debug|Any CPU.Build.0 = Debug|Any CPU
		{21D8AF22-1012-47B2-ADA6-BB2325038C81}.Release|Any CPU.ActiveCfg = Release|Any CPU
		{21D8AF22-1012-47B2-ADA6-BB2325038C81}.Release|Any CPU.Build.0 = Release|Any CPU
		{887C24ED-FDCB-4B09-95B5-744FD56005A8}.Debug|Any CPU.ActiveCfg = Debug|Any CPU
		{887C24ED-FDCB-4B09-95B5-744FD56005A8}.Debug|Any CPU.Build.0 = Debug|Any CPU
		{887C24ED-FDCB-4B09-95B5-744FD56005A8}.Release|Any CPU.ActiveCfg = Release|Any CPU
		{887C24ED-FDCB-4B09-95B5-744FD56005A8}.Release|Any CPU.Build.0 = Release|Any CPU
		{3023EA73-C9CC-4C1F-B848-2571E0AE5EE3}.Debug|Any CPU.ActiveCfg = Debug|Any CPU
		{3023EA73-C9CC-4C1F-B848-2571E0AE5EE3}.Debug|Any CPU.Build.0 = Debug|Any CPU
		{3023EA73-C9CC-4C1F-B848-2571E0AE5EE3}.Release|Any CPU.ActiveCfg = Release|Any CPU
		{3023EA73-C9CC-4C1F-B848-2571E0AE5EE3}.Release|Any CPU.Build.0 = Release|Any CPU
		{91FF33F3-64ED-479B-9C79-7DDD8CD719E0}.Debug|Any CPU.ActiveCfg = Debug|Any CPU
		{91FF33F3-64ED-479B-9C79-7DDD8CD719E0}.Debug|Any CPU.Build.0 = Debug|Any CPU
		{91FF33F3-64ED-479B-9C79-7DDD8CD719E0}.Release|Any CPU.ActiveCfg = Release|Any CPU
		{91FF33F3-64ED-479B-9C79-7DDD8CD719E0}.Release|Any CPU.Build.0 = Release|Any CPU
	EndGlobalSection
	GlobalSection(SolutionProperties) = preSolution
		HideSolutionNode = FALSE
	EndGlobalSection
	GlobalSection(ExtensibilityGlobals) = postSolution
		SolutionGuid = {EF2D4161-BB18-47D3-B8F5-47B20A03ACC2}
	EndGlobalSection
EndGlobal
